// !$*UTF8*$!
{
	archiveVersion = 1;
	classes = {
	};
	objectVersion = 56;
	objects = {

/* Begin PBXBuildFile section */
		0012366B2BCEBBAA00CEAC53 /* InviteBranchView.swift in Sources */ = {isa = PBXBuildFile; fileRef = 0012366A2BCEBBAA00CEAC53 /* InviteBranchView.swift */; };
		0012366D2BCED9BD00CEAC53 /* GreenLetterView.swift in Sources */ = {isa = PBXBuildFile; fileRef = 0012366C2BCED9BD00CEAC53 /* GreenLetterView.swift */; };
		0012366F2BD1831300CEAC53 /* PhoneNumberSearchBar.swift in Sources */ = {isa = PBXBuildFile; fileRef = 0012366E2BD1831300CEAC53 /* PhoneNumberSearchBar.swift */; };
		001236732BD2748200CEAC53 /* PhoneNumberRow.swift in Sources */ = {isa = PBXBuildFile; fileRef = 001236722BD2748200CEAC53 /* PhoneNumberRow.swift */; };
		003E6EF42BD5105A001C7613 /* AvailableInvitationStruct.swift in Sources */ = {isa = PBXBuildFile; fileRef = 003E6EF32BD5105A001C7613 /* AvailableInvitationStruct.swift */; };
		003E6EF62BD51D84001C7613 /* PhoneNumberStruct.swift in Sources */ = {isa = PBXBuildFile; fileRef = 003E6EF52BD51D84001C7613 /* PhoneNumberStruct.swift */; };
		005296C22BD65CAB007D209A /* InvitationTooltip.swift in Sources */ = {isa = PBXBuildFile; fileRef = 005296C12BD65CAB007D209A /* InvitationTooltip.swift */; };
		005296C42BD6AABF007D209A /* DarkGreenLetterView.swift in Sources */ = {isa = PBXBuildFile; fileRef = 005296C32BD6AABF007D209A /* DarkGreenLetterView.swift */; };
		0054D7362BDAD1630009B9CC /* CheckNameResponseEntity.swift in Sources */ = {isa = PBXBuildFile; fileRef = 0054D7352BDAD1630009B9CC /* CheckNameResponseEntity.swift */; };
		0087C27B2BDD337D004CED9C /* CheckNameResponseDTO.swift in Sources */ = {isa = PBXBuildFile; fileRef = 0087C27A2BDD337D004CED9C /* CheckNameResponseDTO.swift */; };
		0087C2872BDEC7B0004CED9C /* DefaultRegisterRepository.swift in Sources */ = {isa = PBXBuildFile; fileRef = 0087C2862BDEC7B0004CED9C /* DefaultRegisterRepository.swift */; };
		0087C2972BE15E91004CED9C /* RegisterRepository.swift in Sources */ = {isa = PBXBuildFile; fileRef = 0087C2962BE15E91004CED9C /* RegisterRepository.swift */; };
		0087C29A2BE161C9004CED9C /* PostCheckNameUseCase.swift in Sources */ = {isa = PBXBuildFile; fileRef = 0087C2992BE161C9004CED9C /* PostCheckNameUseCase.swift */; };
		0087C29C2BE3609C004CED9C /* RegisterAPI.swift in Sources */ = {isa = PBXBuildFile; fileRef = 0087C29B2BE3609C004CED9C /* RegisterAPI.swift */; };
		0087C29E2BE360A6004CED9C /* RegisterService.swift in Sources */ = {isa = PBXBuildFile; fileRef = 0087C29D2BE360A6004CED9C /* RegisterService.swift */; };
		008B67FE2BC57EEF001E3AB5 /* VerificationView.swift in Sources */ = {isa = PBXBuildFile; fileRef = 008B67FD2BC57EEF001E3AB5 /* VerificationView.swift */; };
		00CF35822BC291FA00D9E332 /* TreehouseApp.swift in Sources */ = {isa = PBXBuildFile; fileRef = 00CF35812BC291FA00D9E332 /* TreehouseApp.swift */; };
		00CF35842BC291FA00D9E332 /* ContentView.swift in Sources */ = {isa = PBXBuildFile; fileRef = 00CF35832BC291FA00D9E332 /* ContentView.swift */; };
		00CF35862BC291FC00D9E332 /* Assets.xcassets in Resources */ = {isa = PBXBuildFile; fileRef = 00CF35852BC291FC00D9E332 /* Assets.xcassets */; };
		00CF35892BC291FC00D9E332 /* Preview Assets.xcassets in Resources */ = {isa = PBXBuildFile; fileRef = 00CF35882BC291FC00D9E332 /* Preview Assets.xcassets */; };
		00CF35942BC2E20300D9E332 /* StringLiterals.swift in Sources */ = {isa = PBXBuildFile; fileRef = 00CF35932BC2E20300D9E332 /* StringLiterals.swift */; };
		00CF35962BC2E21700D9E332 /* FontLiterals.swift in Sources */ = {isa = PBXBuildFile; fileRef = 00CF35952BC2E21700D9E332 /* FontLiterals.swift */; };
		00CF35982BC2E22200D9E332 /* SizeLiterals.swift in Sources */ = {isa = PBXBuildFile; fileRef = 00CF35972BC2E22200D9E332 /* SizeLiterals.swift */; };
		00CF35A02BC2F42F00D9E332 /* CombineMoya in Frameworks */ = {isa = PBXBuildFile; productRef = 00CF359F2BC2F42F00D9E332 /* CombineMoya */; };
		00CF35A22BC2F42F00D9E332 /* Moya in Frameworks */ = {isa = PBXBuildFile; productRef = 00CF35A12BC2F42F00D9E332 /* Moya */; };
		00CF35A42BC2F42F00D9E332 /* ReactiveMoya in Frameworks */ = {isa = PBXBuildFile; productRef = 00CF35A32BC2F42F00D9E332 /* ReactiveMoya */; };
		00CF35A62BC2F42F00D9E332 /* RxMoya in Frameworks */ = {isa = PBXBuildFile; productRef = 00CF35A52BC2F42F00D9E332 /* RxMoya */; };
		00CF35A92BC2F48800D9E332 /* Lottie in Frameworks */ = {isa = PBXBuildFile; productRef = 00CF35A82BC2F48800D9E332 /* Lottie */; };
		00CF35AC2BC2F4C900D9E332 /* Kingfisher in Frameworks */ = {isa = PBXBuildFile; productRef = 00CF35AB2BC2F4C900D9E332 /* Kingfisher */; };
		00CF35B02BC2F63E00D9E332 /* Pretendard-Regular.otf in Resources */ = {isa = PBXBuildFile; fileRef = 00CF35AE2BC2F63E00D9E332 /* Pretendard-Regular.otf */; };
		00CF35B12BC2F63E00D9E332 /* Pretendard-SemiBold.otf in Resources */ = {isa = PBXBuildFile; fileRef = 00CF35AF2BC2F63E00D9E332 /* Pretendard-SemiBold.otf */; };
		00CF35B92BC306D500D9E332 /* SVGKit in Frameworks */ = {isa = PBXBuildFile; productRef = 00CF35B82BC306D500D9E332 /* SVGKit */; };
		00CF35BB2BC306D500D9E332 /* SVGKitSwift in Frameworks */ = {isa = PBXBuildFile; productRef = 00CF35BA2BC306D500D9E332 /* SVGKitSwift */; };
		00CF35CB2BC3083100D9E332 /* String+.swift in Sources */ = {isa = PBXBuildFile; fileRef = 00CF35CA2BC3083100D9E332 /* String+.swift */; };
		00F8BB432BC932F000B23AE4 /* UnableRegisterView.swift in Sources */ = {isa = PBXBuildFile; fileRef = 00F8BB422BC932F000B23AE4 /* UnableRegisterView.swift */; };
		00F8BB452BC9A43000B23AE4 /* LoginView.swift in Sources */ = {isa = PBXBuildFile; fileRef = 00F8BB442BC9A43000B23AE4 /* LoginView.swift */; };
		3F2DB2792BCFF5FE00DEFBA6 /* ReceivedInvitationView.swift in Sources */ = {isa = PBXBuildFile; fileRef = 3F2DB2782BCFF5FE00DEFBA6 /* ReceivedInvitationView.swift */; };
		3F2DB27B2BD0C83900DEFBA6 /* InvitationAlertView.swift in Sources */ = {isa = PBXBuildFile; fileRef = 3F2DB27A2BD0C83900DEFBA6 /* InvitationAlertView.swift */; };
		3F2DB27D2BD0F35900DEFBA6 /* InvitationView.swift in Sources */ = {isa = PBXBuildFile; fileRef = 3F2DB27C2BD0F35900DEFBA6 /* InvitationView.swift */; };
		3F88357B2BC8E1010021C8AB /* ReceivedFirstInvitaionView.swift in Sources */ = {isa = PBXBuildFile; fileRef = 3F88357A2BC8E1010021C8AB /* ReceivedFirstInvitaionView.swift */; };
		3F88357D2BCA51BA0021C8AB /* DrawingView.swift in Sources */ = {isa = PBXBuildFile; fileRef = 3F88357C2BCA51BA0021C8AB /* DrawingView.swift */; };
		3F88357F2BCBA5C10021C8AB /* SetMemeberProfileNameView.swift in Sources */ = {isa = PBXBuildFile; fileRef = 3F88357E2BCBA5C10021C8AB /* SetMemeberProfileNameView.swift */; };
		3F8835812BCBC4A40021C8AB /* SetMemberProfileImage.swift in Sources */ = {isa = PBXBuildFile; fileRef = 3F8835802BCBC4A40021C8AB /* SetMemberProfileImage.swift */; };
		3F8835832BCBF97D0021C8AB /* SetMemberBioView.swift in Sources */ = {isa = PBXBuildFile; fileRef = 3F8835822BCBF97D0021C8AB /* SetMemberBioView.swift */; };
		3F8835852BCC00D30021C8AB /* TextField+.swift in Sources */ = {isa = PBXBuildFile; fileRef = 3F8835842BCC00D30021C8AB /* TextField+.swift */; };
		3F8835882BCC058A0021C8AB /* MaxLengthModifier.swift in Sources */ = {isa = PBXBuildFile; fileRef = 3F8835872BCC058A0021C8AB /* MaxLengthModifier.swift */; };
		3FBFBA802BC3DA6C00B6A446 /* View+.swift in Sources */ = {isa = PBXBuildFile; fileRef = 3FBFBA7F2BC3DA6C00B6A446 /* View+.swift */; };
		3FC1FB2C2BD7738900AAE53F /* FeedContentView.swift in Sources */ = {isa = PBXBuildFile; fileRef = 3FC1FB2B2BD7738900AAE53F /* FeedContentView.swift */; };
		3FC1FB2E2BD7739800AAE53F /* FeedContentViewModel.swift in Sources */ = {isa = PBXBuildFile; fileRef = 3FC1FB2D2BD7739800AAE53F /* FeedContentViewModel.swift */; };
		3FC1FB302BD7749000AAE53F /* EmojiListView.swift in Sources */ = {isa = PBXBuildFile; fileRef = 3FC1FB2F2BD7749000AAE53F /* EmojiListView.swift */; };
		3FC1FB342BD8922B00AAE53F /* CommentModel.swift in Sources */ = {isa = PBXBuildFile; fileRef = 3FC1FB332BD8922B00AAE53F /* CommentModel.swift */; };
		3FC1FB362BD8C76200AAE53F /* CommentView.swift in Sources */ = {isa = PBXBuildFile; fileRef = 3FC1FB352BD8C76200AAE53F /* CommentView.swift */; };
		3FC1FB382BD9126400AAE53F /* FlowlayoutStack.swift in Sources */ = {isa = PBXBuildFile; fileRef = 3FC1FB372BD9126400AAE53F /* FlowlayoutStack.swift */; };
		3FE00F0E2BC6D35A00CC821E /* SetUserIdView.swift in Sources */ = {isa = PBXBuildFile; fileRef = 3FE00F0D2BC6D35A00CC821E /* SetUserIdView.swift */; };
		3FE00F102BC7E29700CC821E /* TextFieldStateType.swift in Sources */ = {isa = PBXBuildFile; fileRef = 3FE00F0F2BC7E29700CC821E /* TextFieldStateType.swift */; };
		3FE00F122BC8138300CC821E /* ShowUserProfileView.swift in Sources */ = {isa = PBXBuildFile; fileRef = 3FE00F112BC8138300CC821E /* ShowUserProfileView.swift */; };
		3FE944122BD3ADFF00C3A869 /* ReceivedInvitationModel.swift in Sources */ = {isa = PBXBuildFile; fileRef = 3FE944112BD3ADFF00C3A869 /* ReceivedInvitationModel.swift */; };
		3FE944152BD63FF600C3A869 /* ReceivedInvitationViewModel.swift in Sources */ = {isa = PBXBuildFile; fileRef = 3FE944142BD63FF600C3A869 /* ReceivedInvitationViewModel.swift */; };
		3FE944172BD645C300C3A869 /* ReceivedInvitationRowView.swift in Sources */ = {isa = PBXBuildFile; fileRef = 3FE944162BD645C300C3A869 /* ReceivedInvitationRowView.swift */; };
		3FF106FA2BEA077E00C52908 /* BaseRequest.swift in Sources */ = {isa = PBXBuildFile; fileRef = 3FF106F92BEA077E00C52908 /* BaseRequest.swift */; };
		3FF106FC2BEA078D00C52908 /* BaseResponse.swift in Sources */ = {isa = PBXBuildFile; fileRef = 3FF106FB2BEA078C00C52908 /* BaseResponse.swift */; };
		3FF106FE2BEA079500C52908 /* HttpMethod.swift in Sources */ = {isa = PBXBuildFile; fileRef = 3FF106FD2BEA079500C52908 /* HttpMethod.swift */; };
		3FF107022BEA07FB00C52908 /* InvitationAPI.swift in Sources */ = {isa = PBXBuildFile; fileRef = 3FF107012BEA07FB00C52908 /* InvitationAPI.swift */; };
		3FF107042BEA082A00C52908 /* PostWhetherInvitationsRequestDTO.swift in Sources */ = {isa = PBXBuildFile; fileRef = 3FF107032BEA082A00C52908 /* PostWhetherInvitationsRequestDTO.swift */; };
		3FF107062BEA083D00C52908 /* GetCheckAvailableInvitationResponseDTO.swift in Sources */ = {isa = PBXBuildFile; fileRef = 3FF107052BEA083D00C52908 /* GetCheckAvailableInvitationResponseDTO.swift */; };
		3FF107082BEA086900C52908 /* GetCheckInvitationsReponseDTO.swift in Sources */ = {isa = PBXBuildFile; fileRef = 3FF107072BEA086900C52908 /* GetCheckInvitationsReponseDTO.swift */; };
		3FF1070A2BEA08C600C52908 /* PostWhetherInvitationsResponseDTO.swift in Sources */ = {isa = PBXBuildFile; fileRef = 3FF107092BEA08C600C52908 /* PostWhetherInvitationsResponseDTO.swift */; };
		3FF1070E2BEA097900C52908 /* NotificationAPI.swift in Sources */ = {isa = PBXBuildFile; fileRef = 3FF1070D2BEA097900C52908 /* NotificationAPI.swift */; };
		3FF107152BEA0A1C00C52908 /* PostAcceptInvitationTreeMemberRequestDTO.swift in Sources */ = {isa = PBXBuildFile; fileRef = 3FF107142BEA0A1C00C52908 /* PostAcceptInvitationTreeMemberRequestDTO.swift */; };
		3FF107172BEA0A2A00C52908 /* PostCheckUserNameRequestDTO.swift in Sources */ = {isa = PBXBuildFile; fileRef = 3FF107162BEA0A2A00C52908 /* PostCheckUserNameRequestDTO.swift */; };
		3FF107192BEA0A3900C52908 /* PostRegisterTreeMemberRequestDTO.swift in Sources */ = {isa = PBXBuildFile; fileRef = 3FF107182BEA0A3900C52908 /* PostRegisterTreeMemberRequestDTO.swift */; };
		3FF1071B2BEA0A4600C52908 /* PostRegisterUserRequestDTO.swift in Sources */ = {isa = PBXBuildFile; fileRef = 3FF1071A2BEA0A4600C52908 /* PostRegisterUserRequestDTO.swift */; };
		3FF1071D2BEA0A5300C52908 /* PostReissueTokenRequestDTO.swift in Sources */ = {isa = PBXBuildFile; fileRef = 3FF1071C2BEA0A5300C52908 /* PostReissueTokenRequestDTO.swift */; };
		3FF1071F2BEA0A7D00C52908 /* PostAcceptInvitationTreeMemberResponseDTO.swift in Sources */ = {isa = PBXBuildFile; fileRef = 3FF1071E2BEA0A7D00C52908 /* PostAcceptInvitationTreeMemberResponseDTO.swift */; };
		3FF107212BEA0A8A00C52908 /* PostCheckUserNameResponseDTO.swift in Sources */ = {isa = PBXBuildFile; fileRef = 3FF107202BEA0A8A00C52908 /* PostCheckUserNameResponseDTO.swift */; };
		3FF107232BEA0AA700C52908 /* PostRegisterTreeMemberResponseDTO.swift in Sources */ = {isa = PBXBuildFile; fileRef = 3FF107222BEA0AA700C52908 /* PostRegisterTreeMemberResponseDTO.swift */; };
		3FF107252BEA0AB600C52908 /* PostRegisterUserResponseDTO.swift in Sources */ = {isa = PBXBuildFile; fileRef = 3FF107242BEA0AB600C52908 /* PostRegisterUserResponseDTO.swift */; };
		3FF107272BEA0ACC00C52908 /* PostReissueTokenResponseDTO.swift in Sources */ = {isa = PBXBuildFile; fileRef = 3FF107262BEA0ACC00C52908 /* PostReissueTokenResponseDTO.swift */; };
		3FF1072B2BEA0BE700C52908 /* Config.swift in Sources */ = {isa = PBXBuildFile; fileRef = 3FF1072A2BEA0BE700C52908 /* Config.swift */; };
		9412FF2F2BF6663A006A8A15 /* KeychainHelper.swift in Sources */ = {isa = PBXBuildFile; fileRef = 9412FF2E2BF6663A006A8A15 /* KeychainHelper.swift */; };
		9412FF322BF670FD006A8A15 /* SetUserIdViewModel.swift in Sources */ = {isa = PBXBuildFile; fileRef = 9412FF312BF670FD006A8A15 /* SetUserIdViewModel.swift */; };
		9412FF372BFF2409006A8A15 /* TreeTabView.swift in Sources */ = {isa = PBXBuildFile; fileRef = 9412FF362BFF2409006A8A15 /* TreeTabView.swift */; };
		9412FF392BFF2466006A8A15 /* TabViewType.swift in Sources */ = {isa = PBXBuildFile; fileRef = 9412FF382BFF2466006A8A15 /* TabViewType.swift */; };
		944562062BD1211000078023 /* NotificationType.swift in Sources */ = {isa = PBXBuildFile; fileRef = 944562052BD1211000078023 /* NotificationType.swift */; };
		9445620A2BD185A600078023 /* NotificationView.swift in Sources */ = {isa = PBXBuildFile; fileRef = 944562092BD185A600078023 /* NotificationView.swift */; };
		9449C6D22BDBA87400FC938B /* FeedView.swift in Sources */ = {isa = PBXBuildFile; fileRef = 9449C6D12BDBA87400FC938B /* FeedView.swift */; };
		944AA7122BC6E400008020C2 /* SetPhoneNumberView.swift in Sources */ = {isa = PBXBuildFile; fileRef = 944AA7112BC6E400008020C2 /* SetPhoneNumberView.swift */; };
		944AA7142BC80E15008020C2 /* Pretendard-Medium.otf in Resources */ = {isa = PBXBuildFile; fileRef = 944AA7132BC80E15008020C2 /* Pretendard-Medium.otf */; };
		944AA7162BCBB145008020C2 /* ShowMemberProfileView.swift in Sources */ = {isa = PBXBuildFile; fileRef = 944AA7152BCBB145008020C2 /* ShowMemberProfileView.swift */; };
		944D48912BF10B6700205B18 /* GetCheckNotificationsResponseDTO.swift in Sources */ = {isa = PBXBuildFile; fileRef = 944D48902BF10B6600205B18 /* GetCheckNotificationsResponseDTO.swift */; };
		944D48932BF10C6900205B18 /* NotificationModel.swift in Sources */ = {isa = PBXBuildFile; fileRef = 944D48922BF10C6900205B18 /* NotificationModel.swift */; };
		944D48952BF10CA000205B18 /* SinglePostView.swift in Sources */ = {isa = PBXBuildFile; fileRef = 944D48942BF10CA000205B18 /* SinglePostView.swift */; };
		94561F6D2BD11C4800B005CE /* NotificationRow.swift in Sources */ = {isa = PBXBuildFile; fileRef = 94561F6C2BD11C4800B005CE /* NotificationRow.swift */; };
		9499D9502BF1BD04007CC6CF /* NotificationService.swift in Sources */ = {isa = PBXBuildFile; fileRef = 9499D94F2BF1BD04007CC6CF /* NotificationService.swift */; };
		9499D9522BF1C5AD007CC6CF /* NetworkErrorCode.swift in Sources */ = {isa = PBXBuildFile; fileRef = 9499D9512BF1C5AD007CC6CF /* NetworkErrorCode.swift */; };
		9499D9542BF1CA2A007CC6CF /* NetworkError.swift in Sources */ = {isa = PBXBuildFile; fileRef = 9499D9532BF1CA2A007CC6CF /* NetworkError.swift */; };
		9499D9572BF280B8007CC6CF /* NetworkServiceable.swift in Sources */ = {isa = PBXBuildFile; fileRef = 9499D9562BF280B8007CC6CF /* NetworkServiceable.swift */; };
/* End PBXBuildFile section */

/* Begin PBXFileReference section */
		0012366A2BCEBBAA00CEAC53 /* InviteBranchView.swift */ = {isa = PBXFileReference; lastKnownFileType = sourcecode.swift; path = InviteBranchView.swift; sourceTree = "<group>"; };
		0012366C2BCED9BD00CEAC53 /* GreenLetterView.swift */ = {isa = PBXFileReference; lastKnownFileType = sourcecode.swift; path = GreenLetterView.swift; sourceTree = "<group>"; };
		0012366E2BD1831300CEAC53 /* PhoneNumberSearchBar.swift */ = {isa = PBXFileReference; lastKnownFileType = sourcecode.swift; path = PhoneNumberSearchBar.swift; sourceTree = "<group>"; };
		001236722BD2748200CEAC53 /* PhoneNumberRow.swift */ = {isa = PBXFileReference; lastKnownFileType = sourcecode.swift; path = PhoneNumberRow.swift; sourceTree = "<group>"; };
		003E6EF32BD5105A001C7613 /* AvailableInvitationStruct.swift */ = {isa = PBXFileReference; lastKnownFileType = sourcecode.swift; path = AvailableInvitationStruct.swift; sourceTree = "<group>"; };
		003E6EF52BD51D84001C7613 /* PhoneNumberStruct.swift */ = {isa = PBXFileReference; lastKnownFileType = sourcecode.swift; path = PhoneNumberStruct.swift; sourceTree = "<group>"; };
		005296C12BD65CAB007D209A /* InvitationTooltip.swift */ = {isa = PBXFileReference; lastKnownFileType = sourcecode.swift; path = InvitationTooltip.swift; sourceTree = "<group>"; };
		005296C32BD6AABF007D209A /* DarkGreenLetterView.swift */ = {isa = PBXFileReference; lastKnownFileType = sourcecode.swift; path = DarkGreenLetterView.swift; sourceTree = "<group>"; };
		0054D7352BDAD1630009B9CC /* CheckNameResponseEntity.swift */ = {isa = PBXFileReference; lastKnownFileType = sourcecode.swift; path = CheckNameResponseEntity.swift; sourceTree = "<group>"; };
		0087C27A2BDD337D004CED9C /* CheckNameResponseDTO.swift */ = {isa = PBXFileReference; lastKnownFileType = sourcecode.swift; path = CheckNameResponseDTO.swift; sourceTree = "<group>"; };
		0087C2862BDEC7B0004CED9C /* DefaultRegisterRepository.swift */ = {isa = PBXFileReference; lastKnownFileType = sourcecode.swift; path = DefaultRegisterRepository.swift; sourceTree = "<group>"; };
		0087C2962BE15E91004CED9C /* RegisterRepository.swift */ = {isa = PBXFileReference; lastKnownFileType = sourcecode.swift; path = RegisterRepository.swift; sourceTree = "<group>"; };
		0087C2992BE161C9004CED9C /* PostCheckNameUseCase.swift */ = {isa = PBXFileReference; lastKnownFileType = sourcecode.swift; path = PostCheckNameUseCase.swift; sourceTree = "<group>"; };
		0087C29B2BE3609C004CED9C /* RegisterAPI.swift */ = {isa = PBXFileReference; lastKnownFileType = sourcecode.swift; path = RegisterAPI.swift; sourceTree = "<group>"; };
		0087C29D2BE360A6004CED9C /* RegisterService.swift */ = {isa = PBXFileReference; lastKnownFileType = sourcecode.swift; path = RegisterService.swift; sourceTree = "<group>"; };
		008B67FD2BC57EEF001E3AB5 /* VerificationView.swift */ = {isa = PBXFileReference; lastKnownFileType = sourcecode.swift; path = VerificationView.swift; sourceTree = "<group>"; };
		00CF357E2BC291FA00D9E332 /* Treehouse.app */ = {isa = PBXFileReference; explicitFileType = wrapper.application; includeInIndex = 0; path = Treehouse.app; sourceTree = BUILT_PRODUCTS_DIR; };
		00CF35812BC291FA00D9E332 /* TreehouseApp.swift */ = {isa = PBXFileReference; lastKnownFileType = sourcecode.swift; path = TreehouseApp.swift; sourceTree = "<group>"; };
		00CF35832BC291FA00D9E332 /* ContentView.swift */ = {isa = PBXFileReference; lastKnownFileType = sourcecode.swift; path = ContentView.swift; sourceTree = "<group>"; };
		00CF35852BC291FC00D9E332 /* Assets.xcassets */ = {isa = PBXFileReference; lastKnownFileType = folder.assetcatalog; path = Assets.xcassets; sourceTree = "<group>"; };
		00CF35882BC291FC00D9E332 /* Preview Assets.xcassets */ = {isa = PBXFileReference; lastKnownFileType = folder.assetcatalog; path = "Preview Assets.xcassets"; sourceTree = "<group>"; };
		00CF35932BC2E20300D9E332 /* StringLiterals.swift */ = {isa = PBXFileReference; lastKnownFileType = sourcecode.swift; path = StringLiterals.swift; sourceTree = "<group>"; };
		00CF35952BC2E21700D9E332 /* FontLiterals.swift */ = {isa = PBXFileReference; lastKnownFileType = sourcecode.swift; path = FontLiterals.swift; sourceTree = "<group>"; };
		00CF35972BC2E22200D9E332 /* SizeLiterals.swift */ = {isa = PBXFileReference; lastKnownFileType = sourcecode.swift; path = SizeLiterals.swift; sourceTree = "<group>"; };
		00CF35AE2BC2F63E00D9E332 /* Pretendard-Regular.otf */ = {isa = PBXFileReference; lastKnownFileType = file; path = "Pretendard-Regular.otf"; sourceTree = "<group>"; };
		00CF35AF2BC2F63E00D9E332 /* Pretendard-SemiBold.otf */ = {isa = PBXFileReference; lastKnownFileType = file; path = "Pretendard-SemiBold.otf"; sourceTree = "<group>"; };
		00CF35CA2BC3083100D9E332 /* String+.swift */ = {isa = PBXFileReference; lastKnownFileType = sourcecode.swift; path = "String+.swift"; sourceTree = "<group>"; };
		00F8BB422BC932F000B23AE4 /* UnableRegisterView.swift */ = {isa = PBXFileReference; lastKnownFileType = sourcecode.swift; path = UnableRegisterView.swift; sourceTree = "<group>"; };
		00F8BB442BC9A43000B23AE4 /* LoginView.swift */ = {isa = PBXFileReference; lastKnownFileType = sourcecode.swift; path = LoginView.swift; sourceTree = "<group>"; };
		3F2DB2782BCFF5FE00DEFBA6 /* ReceivedInvitationView.swift */ = {isa = PBXFileReference; lastKnownFileType = sourcecode.swift; path = ReceivedInvitationView.swift; sourceTree = "<group>"; };
		3F2DB27A2BD0C83900DEFBA6 /* InvitationAlertView.swift */ = {isa = PBXFileReference; lastKnownFileType = sourcecode.swift; path = InvitationAlertView.swift; sourceTree = "<group>"; };
		3F2DB27C2BD0F35900DEFBA6 /* InvitationView.swift */ = {isa = PBXFileReference; lastKnownFileType = sourcecode.swift; path = InvitationView.swift; sourceTree = "<group>"; };
		3F88357A2BC8E1010021C8AB /* ReceivedFirstInvitaionView.swift */ = {isa = PBXFileReference; lastKnownFileType = sourcecode.swift; path = ReceivedFirstInvitaionView.swift; sourceTree = "<group>"; };
		3F88357C2BCA51BA0021C8AB /* DrawingView.swift */ = {isa = PBXFileReference; lastKnownFileType = sourcecode.swift; path = DrawingView.swift; sourceTree = "<group>"; };
		3F88357E2BCBA5C10021C8AB /* SetMemeberProfileNameView.swift */ = {isa = PBXFileReference; lastKnownFileType = sourcecode.swift; path = SetMemeberProfileNameView.swift; sourceTree = "<group>"; };
		3F8835802BCBC4A40021C8AB /* SetMemberProfileImage.swift */ = {isa = PBXFileReference; lastKnownFileType = sourcecode.swift; path = SetMemberProfileImage.swift; sourceTree = "<group>"; };
		3F8835822BCBF97D0021C8AB /* SetMemberBioView.swift */ = {isa = PBXFileReference; lastKnownFileType = sourcecode.swift; path = SetMemberBioView.swift; sourceTree = "<group>"; };
		3F8835842BCC00D30021C8AB /* TextField+.swift */ = {isa = PBXFileReference; lastKnownFileType = sourcecode.swift; path = "TextField+.swift"; sourceTree = "<group>"; };
		3F8835872BCC058A0021C8AB /* MaxLengthModifier.swift */ = {isa = PBXFileReference; lastKnownFileType = sourcecode.swift; path = MaxLengthModifier.swift; sourceTree = "<group>"; };
		3FBFBA7E2BC3C1A100B6A446 /* Info.plist */ = {isa = PBXFileReference; lastKnownFileType = text.plist; path = Info.plist; sourceTree = "<group>"; };
		3FBFBA7F2BC3DA6C00B6A446 /* View+.swift */ = {isa = PBXFileReference; lastKnownFileType = sourcecode.swift; path = "View+.swift"; sourceTree = "<group>"; };
		3FC1FB2B2BD7738900AAE53F /* FeedContentView.swift */ = {isa = PBXFileReference; lastKnownFileType = sourcecode.swift; path = FeedContentView.swift; sourceTree = "<group>"; };
		3FC1FB2D2BD7739800AAE53F /* FeedContentViewModel.swift */ = {isa = PBXFileReference; lastKnownFileType = sourcecode.swift; path = FeedContentViewModel.swift; sourceTree = "<group>"; };
		3FC1FB2F2BD7749000AAE53F /* EmojiListView.swift */ = {isa = PBXFileReference; lastKnownFileType = sourcecode.swift; path = EmojiListView.swift; sourceTree = "<group>"; };
		3FC1FB332BD8922B00AAE53F /* CommentModel.swift */ = {isa = PBXFileReference; lastKnownFileType = sourcecode.swift; path = CommentModel.swift; sourceTree = "<group>"; };
		3FC1FB352BD8C76200AAE53F /* CommentView.swift */ = {isa = PBXFileReference; lastKnownFileType = sourcecode.swift; path = CommentView.swift; sourceTree = "<group>"; };
		3FC1FB372BD9126400AAE53F /* FlowlayoutStack.swift */ = {isa = PBXFileReference; lastKnownFileType = sourcecode.swift; path = FlowlayoutStack.swift; sourceTree = "<group>"; };
		3FE00F0D2BC6D35A00CC821E /* SetUserIdView.swift */ = {isa = PBXFileReference; lastKnownFileType = sourcecode.swift; path = SetUserIdView.swift; sourceTree = "<group>"; };
		3FE00F0F2BC7E29700CC821E /* TextFieldStateType.swift */ = {isa = PBXFileReference; lastKnownFileType = sourcecode.swift; path = TextFieldStateType.swift; sourceTree = "<group>"; };
		3FE00F112BC8138300CC821E /* ShowUserProfileView.swift */ = {isa = PBXFileReference; lastKnownFileType = sourcecode.swift; path = ShowUserProfileView.swift; sourceTree = "<group>"; };
		3FE944112BD3ADFF00C3A869 /* ReceivedInvitationModel.swift */ = {isa = PBXFileReference; lastKnownFileType = sourcecode.swift; path = ReceivedInvitationModel.swift; sourceTree = "<group>"; };
		3FE944142BD63FF600C3A869 /* ReceivedInvitationViewModel.swift */ = {isa = PBXFileReference; lastKnownFileType = sourcecode.swift; path = ReceivedInvitationViewModel.swift; sourceTree = "<group>"; };
		3FE944162BD645C300C3A869 /* ReceivedInvitationRowView.swift */ = {isa = PBXFileReference; lastKnownFileType = sourcecode.swift; path = ReceivedInvitationRowView.swift; sourceTree = "<group>"; };
		3FF106F92BEA077E00C52908 /* BaseRequest.swift */ = {isa = PBXFileReference; lastKnownFileType = sourcecode.swift; path = BaseRequest.swift; sourceTree = "<group>"; };
		3FF106FB2BEA078C00C52908 /* BaseResponse.swift */ = {isa = PBXFileReference; lastKnownFileType = sourcecode.swift; path = BaseResponse.swift; sourceTree = "<group>"; };
		3FF106FD2BEA079500C52908 /* HttpMethod.swift */ = {isa = PBXFileReference; lastKnownFileType = sourcecode.swift; path = HttpMethod.swift; sourceTree = "<group>"; };
		3FF107012BEA07FB00C52908 /* InvitationAPI.swift */ = {isa = PBXFileReference; lastKnownFileType = sourcecode.swift; path = InvitationAPI.swift; sourceTree = "<group>"; };
		3FF107032BEA082A00C52908 /* PostWhetherInvitationsRequestDTO.swift */ = {isa = PBXFileReference; lastKnownFileType = sourcecode.swift; path = PostWhetherInvitationsRequestDTO.swift; sourceTree = "<group>"; };
		3FF107052BEA083D00C52908 /* GetCheckAvailableInvitationResponseDTO.swift */ = {isa = PBXFileReference; lastKnownFileType = sourcecode.swift; path = GetCheckAvailableInvitationResponseDTO.swift; sourceTree = "<group>"; };
		3FF107072BEA086900C52908 /* GetCheckInvitationsReponseDTO.swift */ = {isa = PBXFileReference; lastKnownFileType = sourcecode.swift; path = GetCheckInvitationsReponseDTO.swift; sourceTree = "<group>"; };
		3FF107092BEA08C600C52908 /* PostWhetherInvitationsResponseDTO.swift */ = {isa = PBXFileReference; lastKnownFileType = sourcecode.swift; path = PostWhetherInvitationsResponseDTO.swift; sourceTree = "<group>"; };
		3FF1070D2BEA097900C52908 /* NotificationAPI.swift */ = {isa = PBXFileReference; lastKnownFileType = sourcecode.swift; path = NotificationAPI.swift; sourceTree = "<group>"; };
		3FF107142BEA0A1C00C52908 /* PostAcceptInvitationTreeMemberRequestDTO.swift */ = {isa = PBXFileReference; lastKnownFileType = sourcecode.swift; path = PostAcceptInvitationTreeMemberRequestDTO.swift; sourceTree = "<group>"; };
		3FF107162BEA0A2A00C52908 /* PostCheckUserNameRequestDTO.swift */ = {isa = PBXFileReference; lastKnownFileType = sourcecode.swift; path = PostCheckUserNameRequestDTO.swift; sourceTree = "<group>"; };
		3FF107182BEA0A3900C52908 /* PostRegisterTreeMemberRequestDTO.swift */ = {isa = PBXFileReference; lastKnownFileType = sourcecode.swift; path = PostRegisterTreeMemberRequestDTO.swift; sourceTree = "<group>"; };
		3FF1071A2BEA0A4600C52908 /* PostRegisterUserRequestDTO.swift */ = {isa = PBXFileReference; lastKnownFileType = sourcecode.swift; path = PostRegisterUserRequestDTO.swift; sourceTree = "<group>"; };
		3FF1071C2BEA0A5300C52908 /* PostReissueTokenRequestDTO.swift */ = {isa = PBXFileReference; lastKnownFileType = sourcecode.swift; path = PostReissueTokenRequestDTO.swift; sourceTree = "<group>"; };
		3FF1071E2BEA0A7D00C52908 /* PostAcceptInvitationTreeMemberResponseDTO.swift */ = {isa = PBXFileReference; lastKnownFileType = sourcecode.swift; path = PostAcceptInvitationTreeMemberResponseDTO.swift; sourceTree = "<group>"; };
		3FF107202BEA0A8A00C52908 /* PostCheckUserNameResponseDTO.swift */ = {isa = PBXFileReference; lastKnownFileType = sourcecode.swift; path = PostCheckUserNameResponseDTO.swift; sourceTree = "<group>"; };
		3FF107222BEA0AA700C52908 /* PostRegisterTreeMemberResponseDTO.swift */ = {isa = PBXFileReference; lastKnownFileType = sourcecode.swift; path = PostRegisterTreeMemberResponseDTO.swift; sourceTree = "<group>"; };
		3FF107242BEA0AB600C52908 /* PostRegisterUserResponseDTO.swift */ = {isa = PBXFileReference; lastKnownFileType = sourcecode.swift; path = PostRegisterUserResponseDTO.swift; sourceTree = "<group>"; };
		3FF107262BEA0ACC00C52908 /* PostReissueTokenResponseDTO.swift */ = {isa = PBXFileReference; lastKnownFileType = sourcecode.swift; path = PostReissueTokenResponseDTO.swift; sourceTree = "<group>"; };
		3FF1072A2BEA0BE700C52908 /* Config.swift */ = {isa = PBXFileReference; lastKnownFileType = sourcecode.swift; path = Config.swift; sourceTree = "<group>"; };
		9412FF2E2BF6663A006A8A15 /* KeychainHelper.swift */ = {isa = PBXFileReference; lastKnownFileType = sourcecode.swift; path = KeychainHelper.swift; sourceTree = "<group>"; };
		9412FF312BF670FD006A8A15 /* SetUserIdViewModel.swift */ = {isa = PBXFileReference; lastKnownFileType = sourcecode.swift; path = SetUserIdViewModel.swift; sourceTree = "<group>"; };
		9412FF362BFF2409006A8A15 /* TreeTabView.swift */ = {isa = PBXFileReference; lastKnownFileType = sourcecode.swift; path = TreeTabView.swift; sourceTree = "<group>"; };
		9412FF382BFF2466006A8A15 /* TabViewType.swift */ = {isa = PBXFileReference; lastKnownFileType = sourcecode.swift; path = TabViewType.swift; sourceTree = "<group>"; };
		944562052BD1211000078023 /* NotificationType.swift */ = {isa = PBXFileReference; lastKnownFileType = sourcecode.swift; path = NotificationType.swift; sourceTree = "<group>"; };
		944562092BD185A600078023 /* NotificationView.swift */ = {isa = PBXFileReference; lastKnownFileType = sourcecode.swift; path = NotificationView.swift; sourceTree = "<group>"; };
		9449C6D12BDBA87400FC938B /* FeedView.swift */ = {isa = PBXFileReference; lastKnownFileType = sourcecode.swift; path = FeedView.swift; sourceTree = "<group>"; };
		9449C6D62BDBBEA000FC938B /* FeedModel.swift */ = {isa = PBXFileReference; lastKnownFileType = sourcecode.swift; path = FeedModel.swift; sourceTree = "<group>"; };
		944AA7112BC6E400008020C2 /* SetPhoneNumberView.swift */ = {isa = PBXFileReference; lastKnownFileType = sourcecode.swift; path = SetPhoneNumberView.swift; sourceTree = "<group>"; };
		944AA7132BC80E15008020C2 /* Pretendard-Medium.otf */ = {isa = PBXFileReference; lastKnownFileType = file; path = "Pretendard-Medium.otf"; sourceTree = "<group>"; };
		944AA7152BCBB145008020C2 /* ShowMemberProfileView.swift */ = {isa = PBXFileReference; lastKnownFileType = sourcecode.swift; path = ShowMemberProfileView.swift; sourceTree = "<group>"; };
		944D488B2BF108D600205B18 /* Config.xcconfig */ = {isa = PBXFileReference; lastKnownFileType = text.xcconfig; path = Config.xcconfig; sourceTree = "<group>"; };
		944D48902BF10B6600205B18 /* GetCheckNotificationsResponseDTO.swift */ = {isa = PBXFileReference; lastKnownFileType = sourcecode.swift; path = GetCheckNotificationsResponseDTO.swift; sourceTree = "<group>"; };
		944D48922BF10C6900205B18 /* NotificationModel.swift */ = {isa = PBXFileReference; lastKnownFileType = sourcecode.swift; path = NotificationModel.swift; sourceTree = "<group>"; };
		944D48942BF10CA000205B18 /* SinglePostView.swift */ = {isa = PBXFileReference; lastKnownFileType = sourcecode.swift; path = SinglePostView.swift; sourceTree = "<group>"; };
		94561F6C2BD11C4800B005CE /* NotificationRow.swift */ = {isa = PBXFileReference; lastKnownFileType = sourcecode.swift; path = NotificationRow.swift; sourceTree = "<group>"; };
		9474FA552BECDC88006265E9 /* FeedViewModel.swift */ = {isa = PBXFileReference; lastKnownFileType = sourcecode.swift; path = FeedViewModel.swift; sourceTree = "<group>"; };
		9499D94F2BF1BD04007CC6CF /* NotificationService.swift */ = {isa = PBXFileReference; lastKnownFileType = sourcecode.swift; path = NotificationService.swift; sourceTree = "<group>"; };
		9499D9512BF1C5AD007CC6CF /* NetworkErrorCode.swift */ = {isa = PBXFileReference; lastKnownFileType = sourcecode.swift; path = NetworkErrorCode.swift; sourceTree = "<group>"; };
		9499D9532BF1CA2A007CC6CF /* NetworkError.swift */ = {isa = PBXFileReference; lastKnownFileType = sourcecode.swift; path = NetworkError.swift; sourceTree = "<group>"; };
		9499D9562BF280B8007CC6CF /* NetworkServiceable.swift */ = {isa = PBXFileReference; lastKnownFileType = sourcecode.swift; path = NetworkServiceable.swift; sourceTree = "<group>"; };
/* End PBXFileReference section */

/* Begin PBXFrameworksBuildPhase section */
		00CF357B2BC291FA00D9E332 /* Frameworks */ = {
			isa = PBXFrameworksBuildPhase;
			buildActionMask = 2147483647;
			files = (
				00CF35BB2BC306D500D9E332 /* SVGKitSwift in Frameworks */,
				00CF35AC2BC2F4C900D9E332 /* Kingfisher in Frameworks */,
				00CF35B92BC306D500D9E332 /* SVGKit in Frameworks */,
				00CF35A92BC2F48800D9E332 /* Lottie in Frameworks */,
				00CF35A22BC2F42F00D9E332 /* Moya in Frameworks */,
				00CF35A02BC2F42F00D9E332 /* CombineMoya in Frameworks */,
				00CF35A62BC2F42F00D9E332 /* RxMoya in Frameworks */,
				00CF35A42BC2F42F00D9E332 /* ReactiveMoya in Frameworks */,
			);
			runOnlyForDeploymentPostprocessing = 0;
		};
/* End PBXFrameworksBuildPhase section */

/* Begin PBXGroup section */
		003E6EF02BD50E87001C7613 /* InvitationScene */ = {
			isa = PBXGroup;
			children = (
				003E6EF22BD50EAB001C7613 /* Models */,
				003E6EF12BD50EA2001C7613 /* Views */,
				3FE944132BD63F9600C3A869 /* ViewModels */,
			);
			path = InvitationScene;
			sourceTree = "<group>";
		};
		003E6EF12BD50EA2001C7613 /* Views */ = {
			isa = PBXGroup;
			children = (
				005296C32BD6AABF007D209A /* DarkGreenLetterView.swift */,
				0012366C2BCED9BD00CEAC53 /* GreenLetterView.swift */,
				005296C12BD65CAB007D209A /* InvitationTooltip.swift */,
				0012366A2BCEBBAA00CEAC53 /* InviteBranchView.swift */,
				0012366E2BD1831300CEAC53 /* PhoneNumberSearchBar.swift */,
				001236722BD2748200CEAC53 /* PhoneNumberRow.swift */,
				3F2DB2782BCFF5FE00DEFBA6 /* ReceivedInvitationView.swift */,
				3F2DB27A2BD0C83900DEFBA6 /* InvitationAlertView.swift */,
				3FE944162BD645C300C3A869 /* ReceivedInvitationRowView.swift */,
			);
			path = Views;
			sourceTree = "<group>";
		};
		003E6EF22BD50EAB001C7613 /* Models */ = {
			isa = PBXGroup;
			children = (
				003E6EF32BD5105A001C7613 /* AvailableInvitationStruct.swift */,
				003E6EF52BD51D84001C7613 /* PhoneNumberStruct.swift */,
				3FE944112BD3ADFF00C3A869 /* ReceivedInvitationModel.swift */,
			);
			path = Models;
			sourceTree = "<group>";
		};
		0054D7292BDACE430009B9CC /* Domain */ = {
			isa = PBXGroup;
			children = (
				0054D72C2BDACE7A0009B9CC /* Entities */,
				0087C28F2BDFCD5C004CED9C /* Repositories */,
				0087C2902BDFCDD3004CED9C /* UseCases */,
			);
			path = Domain;
			sourceTree = "<group>";
		};
		0054D72C2BDACE7A0009B9CC /* Entities */ = {
			isa = PBXGroup;
			children = (
				0054D7342BDAD0D60009B9CC /* Register */,
			);
			path = Entities;
			sourceTree = "<group>";
		};
		0054D7342BDAD0D60009B9CC /* Register */ = {
			isa = PBXGroup;
			children = (
				0054D7352BDAD1630009B9CC /* CheckNameResponseEntity.swift */,
			);
			path = Register;
			sourceTree = "<group>";
		};
		0087C2782BDD32CB004CED9C /* Data */ = {
			isa = PBXGroup;
			children = (
				0087C2852BDEC78D004CED9C /* Repositories */,
				0087C2792BDD3325004CED9C /* DataMapping */,
			);
			path = Data;
			sourceTree = "<group>";
		};
		0087C2792BDD3325004CED9C /* DataMapping */ = {
			isa = PBXGroup;
			children = (
				0087C27C2BDD3988004CED9C /* Register */,
			);
			path = DataMapping;
			sourceTree = "<group>";
		};
		0087C27C2BDD3988004CED9C /* Register */ = {
			isa = PBXGroup;
			children = (
				0087C27A2BDD337D004CED9C /* CheckNameResponseDTO.swift */,
			);
			path = Register;
			sourceTree = "<group>";
		};
		0087C2852BDEC78D004CED9C /* Repositories */ = {
			isa = PBXGroup;
			children = (
				0087C2862BDEC7B0004CED9C /* DefaultRegisterRepository.swift */,
			);
			path = Repositories;
			sourceTree = "<group>";
		};
		0087C2892BDED546004CED9C /* Network */ = {
			isa = PBXGroup;
			children = (
				9412FF342BF7C579006A8A15 /* Error */,
				9499D9552BF280A6007CC6CF /* Protocols */,
				3FF106F62BEA073E00C52908 /* Base */,
				0087C28A2BDED554004CED9C /* Register */,
				3FF106F72BEA074800C52908 /* Invitation */,
				3FF106F82BEA074E00C52908 /* Notification */,
			);
			path = Network;
			sourceTree = "<group>";
		};
		0087C28A2BDED554004CED9C /* Register */ = {
			isa = PBXGroup;
			children = (
				0087C29B2BE3609C004CED9C /* RegisterAPI.swift */,
				0087C29D2BE360A6004CED9C /* RegisterService.swift */,
				3FF107112BEA09D000C52908 /* DTO */,
			);
			path = Register;
			sourceTree = "<group>";
		};
		0087C28F2BDFCD5C004CED9C /* Repositories */ = {
			isa = PBXGroup;
			children = (
				0087C2962BE15E91004CED9C /* RegisterRepository.swift */,
			);
			path = Repositories;
			sourceTree = "<group>";
		};
		0087C2902BDFCDD3004CED9C /* UseCases */ = {
			isa = PBXGroup;
			children = (
				0087C2982BE16193004CED9C /* Register */,
			);
			path = UseCases;
			sourceTree = "<group>";
		};
		0087C2982BE16193004CED9C /* Register */ = {
			isa = PBXGroup;
			children = (
				0087C2992BE161C9004CED9C /* PostCheckNameUseCase.swift */,
			);
			path = Register;
			sourceTree = "<group>";
		};
		00CF35752BC291FA00D9E332 = {
			isa = PBXGroup;
			children = (
				00CF35802BC291FA00D9E332 /* Treehouse */,
				00CF357F2BC291FA00D9E332 /* Products */,
			);
			sourceTree = "<group>";
		};
		00CF357F2BC291FA00D9E332 /* Products */ = {
			isa = PBXGroup;
			children = (
				00CF357E2BC291FA00D9E332 /* Treehouse.app */,
			);
			name = Products;
			sourceTree = "<group>";
		};
		00CF35802BC291FA00D9E332 /* Treehouse */ = {
			isa = PBXGroup;
			children = (
				3FBFBA7E2BC3C1A100B6A446 /* Info.plist */,
				00CF358F2BC2DF5A00D9E332 /* Application */,
				0087C2782BDD32CB004CED9C /* Data */,
				0054D7292BDACE430009B9CC /* Domain */,
				00CF35902BC2DF9200D9E332 /* Global */,
				00CF35992BC2E2E200D9E332 /* Presentation */,
				0087C2892BDED546004CED9C /* Network */,
				00CF35872BC291FC00D9E332 /* Preview Content */,
			);
			path = Treehouse;
			sourceTree = "<group>";
		};
		00CF35872BC291FC00D9E332 /* Preview Content */ = {
			isa = PBXGroup;
			children = (
				00CF35882BC291FC00D9E332 /* Preview Assets.xcassets */,
			);
			path = "Preview Content";
			sourceTree = "<group>";
		};
		00CF358F2BC2DF5A00D9E332 /* Application */ = {
			isa = PBXGroup;
			children = (
				00CF35812BC291FA00D9E332 /* TreehouseApp.swift */,
			);
			path = Application;
			sourceTree = "<group>";
		};
		00CF35902BC2DF9200D9E332 /* Global */ = {
			isa = PBXGroup;
			children = (
				9412FF352BF7C5AC006A8A15 /* Keychain */,
				3FE9440C2BD115EE00C3A869 /* Components */,
				3F8835862BCC05540021C8AB /* ViewModifier */,
				00CF35922BC2E1DA00D9E332 /* Literals */,
				00CF35912BC2DFA800D9E332 /* Resources */,
				00CF35B22BC3060E00D9E332 /* Extension */,
			);
			path = Global;
			sourceTree = "<group>";
		};
		00CF35912BC2DFA800D9E332 /* Resources */ = {
			isa = PBXGroup;
			children = (
				00CF35AD2BC2F52C00D9E332 /* Font */,
				00CF35852BC291FC00D9E332 /* Assets.xcassets */,
				3FF1072A2BEA0BE700C52908 /* Config.swift */,
				944D488B2BF108D600205B18 /* Config.xcconfig */,
			);
			path = Resources;
			sourceTree = "<group>";
		};
		00CF35922BC2E1DA00D9E332 /* Literals */ = {
			isa = PBXGroup;
			children = (
				00CF35952BC2E21700D9E332 /* FontLiterals.swift */,
				00CF35972BC2E22200D9E332 /* SizeLiterals.swift */,
				00CF35932BC2E20300D9E332 /* StringLiterals.swift */,
			);
			path = Literals;
			sourceTree = "<group>";
		};
		00CF35992BC2E2E200D9E332 /* Presentation */ = {
			isa = PBXGroup;
			children = (
				9449C6CD2BDBA7CF00FC938B /* Feed */,
				94561F642BD115C000B005CE /* Notification */,
				00CF359A2BC2E2FF00D9E332 /* Auth */,
				3FC1FB262BD7725F00AAE53F /* Feed */,
			);
			path = Presentation;
			sourceTree = "<group>";
		};
		00CF359A2BC2E2FF00D9E332 /* Auth */ = {
			isa = PBXGroup;
			children = (
				3FE00F0F2BC7E29700CC821E /* TextFieldStateType.swift */,
				003E6EF02BD50E87001C7613 /* InvitationScene */,
				00CF359D2BC2F21400D9E332 /* RegisterScene */,
			);
			path = Auth;
			sourceTree = "<group>";
		};
		00CF359B2BC2F1DC00D9E332 /* Views */ = {
			isa = PBXGroup;
			children = (
				00CF35832BC291FA00D9E332 /* ContentView.swift */,
				00F8BB442BC9A43000B23AE4 /* LoginView.swift */,
				00F8BB422BC932F000B23AE4 /* UnableRegisterView.swift */,
				008B67FD2BC57EEF001E3AB5 /* VerificationView.swift */,
				944AA7112BC6E400008020C2 /* SetPhoneNumberView.swift */,
				3FE00F0D2BC6D35A00CC821E /* SetUserIdView.swift */,
				3F88357A2BC8E1010021C8AB /* ReceivedFirstInvitaionView.swift */,
				3F88357C2BCA51BA0021C8AB /* DrawingView.swift */,
				3FE00F112BC8138300CC821E /* ShowUserProfileView.swift */,
				3F88357E2BCBA5C10021C8AB /* SetMemeberProfileNameView.swift */,
				3F8835802BCBC4A40021C8AB /* SetMemberProfileImage.swift */,
				3F8835822BCBF97D0021C8AB /* SetMemberBioView.swift */,
				944AA7152BCBB145008020C2 /* ShowMemberProfileView.swift */,
			);
			path = Views;
			sourceTree = "<group>";
		};
		00CF359D2BC2F21400D9E332 /* RegisterScene */ = {
			isa = PBXGroup;
			children = (
				9412FF302BF670A8006A8A15 /* ViewModels */,
				00CF359B2BC2F1DC00D9E332 /* Views */,
			);
			path = RegisterScene;
			sourceTree = "<group>";
		};
		00CF35AD2BC2F52C00D9E332 /* Font */ = {
			isa = PBXGroup;
			children = (
				944AA7132BC80E15008020C2 /* Pretendard-Medium.otf */,
				00CF35AE2BC2F63E00D9E332 /* Pretendard-Regular.otf */,
				00CF35AF2BC2F63E00D9E332 /* Pretendard-SemiBold.otf */,
			);
			path = Font;
			sourceTree = "<group>";
		};
		00CF35B22BC3060E00D9E332 /* Extension */ = {
			isa = PBXGroup;
			children = (
				00CF35CA2BC3083100D9E332 /* String+.swift */,
				3FBFBA7F2BC3DA6C00B6A446 /* View+.swift */,
				3F8835842BCC00D30021C8AB /* TextField+.swift */,
			);
			path = Extension;
			sourceTree = "<group>";
		};
		3F8835862BCC05540021C8AB /* ViewModifier */ = {
			isa = PBXGroup;
			children = (
				3F8835872BCC058A0021C8AB /* MaxLengthModifier.swift */,
			);
			path = ViewModifier;
			sourceTree = "<group>";
		};
		3FC1FB262BD7725F00AAE53F /* Feed */ = {
			isa = PBXGroup;
			children = (
				3FC1FB2A2BD772FC00AAE53F /* FeedContentScene */,
			);
			path = Feed;
			sourceTree = "<group>";
		};
		3FC1FB272BD7729D00AAE53F /* ViewModels */ = {
			isa = PBXGroup;
			children = (
				3FC1FB2D2BD7739800AAE53F /* FeedContentViewModel.swift */,
			);
			path = ViewModels;
			sourceTree = "<group>";
		};
		3FC1FB282BD772D100AAE53F /* Views */ = {
			isa = PBXGroup;
			children = (
				3FC1FB2B2BD7738900AAE53F /* FeedContentView.swift */,
				3FC1FB2F2BD7749000AAE53F /* EmojiListView.swift */,
				3FC1FB352BD8C76200AAE53F /* CommentView.swift */,
				3FC1FB372BD9126400AAE53F /* FlowlayoutStack.swift */,
			);
			path = Views;
			sourceTree = "<group>";
		};
		3FC1FB292BD772D600AAE53F /* Models */ = {
			isa = PBXGroup;
			children = (
				3FC1FB332BD8922B00AAE53F /* CommentModel.swift */,
			);
			path = Models;
			sourceTree = "<group>";
		};
		3FC1FB2A2BD772FC00AAE53F /* FeedContentScene */ = {
			isa = PBXGroup;
			children = (
				3FC1FB292BD772D600AAE53F /* Models */,
				3FC1FB282BD772D100AAE53F /* Views */,
				3FC1FB272BD7729D00AAE53F /* ViewModels */,
			);
			path = FeedContentScene;
			sourceTree = "<group>";
		};
		3FE9440C2BD115EE00C3A869 /* Components */ = {
			isa = PBXGroup;
			children = (
				9449C6C72BDBA57800FC938B /* TabView */,
				3F2DB27C2BD0F35900DEFBA6 /* InvitationView.swift */,
			);
			path = Components;
			sourceTree = "<group>";
		};
		3FE944132BD63F9600C3A869 /* ViewModels */ = {
			isa = PBXGroup;
			children = (
				3FE944142BD63FF600C3A869 /* ReceivedInvitationViewModel.swift */,
			);
			path = ViewModels;
			sourceTree = "<group>";
		};
		3FF106F62BEA073E00C52908 /* Base */ = {
			isa = PBXGroup;
			children = (
				3FF106F92BEA077E00C52908 /* BaseRequest.swift */,
				3FF106FB2BEA078C00C52908 /* BaseResponse.swift */,
				3FF106FD2BEA079500C52908 /* HttpMethod.swift */,
			);
			path = Base;
			sourceTree = "<group>";
		};
		3FF106F72BEA074800C52908 /* Invitation */ = {
			isa = PBXGroup;
			children = (
				3FF107012BEA07FB00C52908 /* InvitationAPI.swift */,
				3FF107282BEA0AE300C52908 /* DTO */,
			);
			path = Invitation;
			sourceTree = "<group>";
		};
		3FF106F82BEA074E00C52908 /* Notification */ = {
			isa = PBXGroup;
			children = (
				944D488E2BF10B5800205B18 /* DTO */,
				3FF1070D2BEA097900C52908 /* NotificationAPI.swift */,
				9499D94F2BF1BD04007CC6CF /* NotificationService.swift */,
			);
			path = Notification;
			sourceTree = "<group>";
		};
		3FF106FF2BEA07E700C52908 /* Response */ = {
			isa = PBXGroup;
			children = (
				3FF107052BEA083D00C52908 /* GetCheckAvailableInvitationResponseDTO.swift */,
				3FF107072BEA086900C52908 /* GetCheckInvitationsReponseDTO.swift */,
				3FF107092BEA08C600C52908 /* PostWhetherInvitationsResponseDTO.swift */,
			);
			path = Response;
			sourceTree = "<group>";
		};
		3FF107002BEA07ED00C52908 /* Request */ = {
			isa = PBXGroup;
			children = (
				3FF107032BEA082A00C52908 /* PostWhetherInvitationsRequestDTO.swift */,
			);
			path = Request;
			sourceTree = "<group>";
		};
		3FF107112BEA09D000C52908 /* DTO */ = {
			isa = PBXGroup;
			children = (
				3FF107132BEA0A0300C52908 /* Request */,
				3FF107122BEA09FE00C52908 /* Response */,
			);
			path = DTO;
			sourceTree = "<group>";
		};
		3FF107122BEA09FE00C52908 /* Response */ = {
			isa = PBXGroup;
			children = (
				3FF1071E2BEA0A7D00C52908 /* PostAcceptInvitationTreeMemberResponseDTO.swift */,
				3FF107202BEA0A8A00C52908 /* PostCheckUserNameResponseDTO.swift */,
				3FF107222BEA0AA700C52908 /* PostRegisterTreeMemberResponseDTO.swift */,
				3FF107242BEA0AB600C52908 /* PostRegisterUserResponseDTO.swift */,
				3FF107262BEA0ACC00C52908 /* PostReissueTokenResponseDTO.swift */,
			);
			path = Response;
			sourceTree = "<group>";
		};
		3FF107132BEA0A0300C52908 /* Request */ = {
			isa = PBXGroup;
			children = (
				3FF107142BEA0A1C00C52908 /* PostAcceptInvitationTreeMemberRequestDTO.swift */,
				3FF107162BEA0A2A00C52908 /* PostCheckUserNameRequestDTO.swift */,
				3FF107182BEA0A3900C52908 /* PostRegisterTreeMemberRequestDTO.swift */,
				3FF1071A2BEA0A4600C52908 /* PostRegisterUserRequestDTO.swift */,
				3FF1071C2BEA0A5300C52908 /* PostReissueTokenRequestDTO.swift */,
			);
			path = Request;
			sourceTree = "<group>";
		};
		3FF107282BEA0AE300C52908 /* DTO */ = {
			isa = PBXGroup;
			children = (
				3FF107002BEA07ED00C52908 /* Request */,
				3FF106FF2BEA07E700C52908 /* Response */,
			);
			path = DTO;
			sourceTree = "<group>";
		};
		9412FF302BF670A8006A8A15 /* ViewModels */ = {
			isa = PBXGroup;
			children = (
				9412FF312BF670FD006A8A15 /* SetUserIdViewModel.swift */,
			);
			path = ViewModels;
			sourceTree = "<group>";
		};
		9412FF342BF7C579006A8A15 /* Error */ = {
			isa = PBXGroup;
			children = (
				9499D9512BF1C5AD007CC6CF /* NetworkErrorCode.swift */,
				9499D9532BF1CA2A007CC6CF /* NetworkError.swift */,
			);
			path = Error;
			sourceTree = "<group>";
		};
		9412FF352BF7C5AC006A8A15 /* Keychain */ = {
			isa = PBXGroup;
			children = (
				9412FF2E2BF6663A006A8A15 /* KeychainHelper.swift */,
			);
			path = Keychain;
			sourceTree = "<group>";
		};
		9449C6C72BDBA57800FC938B /* TabView */ = {
			isa = PBXGroup;
			children = (
				9412FF362BFF2409006A8A15 /* TreeTabView.swift */,
				9412FF382BFF2466006A8A15 /* TabViewType.swift */,
			);
			path = TabView;
			sourceTree = "<group>";
		};
		9449C6CD2BDBA7CF00FC938B /* Feed */ = {
			isa = PBXGroup;
			children = (
				9449C6CE2BDBA7D500FC938B /* FeedScene */,
			);
			path = Feed;
			sourceTree = "<group>";
		};
		9449C6CE2BDBA7D500FC938B /* FeedScene */ = {
			isa = PBXGroup;
			children = (
				9474FA542BECDC71006265E9 /* ViewModels */,
				9449C6D52BDBBE8D00FC938B /* Models */,
				9449C6CF2BDBA7DD00FC938B /* Views */,
			);
			path = FeedScene;
			sourceTree = "<group>";
		};
		9449C6CF2BDBA7DD00FC938B /* Views */ = {
			isa = PBXGroup;
			children = (
				9449C6D12BDBA87400FC938B /* FeedView.swift */,
				944D48942BF10CA000205B18 /* SinglePostView.swift */,
			);
			path = Views;
			sourceTree = "<group>";
		};
		9449C6D52BDBBE8D00FC938B /* Models */ = {
			isa = PBXGroup;
			children = (
				9449C6D62BDBBEA000FC938B /* FeedModel.swift */,
			);
			path = Models;
			sourceTree = "<group>";
		};
		944D488E2BF10B5800205B18 /* DTO */ = {
			isa = PBXGroup;
			children = (
				944D488F2BF10B5D00205B18 /* Response */,
			);
			path = DTO;
			sourceTree = "<group>";
		};
		944D488F2BF10B5D00205B18 /* Response */ = {
			isa = PBXGroup;
			children = (
				944D48902BF10B6600205B18 /* GetCheckNotificationsResponseDTO.swift */,
			);
			path = Response;
			sourceTree = "<group>";
		};
		94561F642BD115C000B005CE /* Notification */ = {
			isa = PBXGroup;
			children = (
				94561F652BD115CA00B005CE /* NotificationScene */,
			);
			path = Notification;
			sourceTree = "<group>";
		};
		94561F652BD115CA00B005CE /* NotificationScene */ = {
			isa = PBXGroup;
			children = (
				94561F6B2BD11C3C00B005CE /* Models */,
				94561F6A2BD11C3600B005CE /* Views */,
			);
			path = NotificationScene;
			sourceTree = "<group>";
		};
		94561F6A2BD11C3600B005CE /* Views */ = {
			isa = PBXGroup;
			children = (
				94561F6C2BD11C4800B005CE /* NotificationRow.swift */,
				944562092BD185A600078023 /* NotificationView.swift */,
			);
			path = Views;
			sourceTree = "<group>";
		};
		94561F6B2BD11C3C00B005CE /* Models */ = {
			isa = PBXGroup;
			children = (
				944562052BD1211000078023 /* NotificationType.swift */,
				944D48922BF10C6900205B18 /* NotificationModel.swift */,
			);
			path = Models;
			sourceTree = "<group>";
		};
		9474FA542BECDC71006265E9 /* ViewModels */ = {
			isa = PBXGroup;
			children = (
				9474FA552BECDC88006265E9 /* FeedViewModel.swift */,
			);
			path = ViewModels;
			sourceTree = "<group>";
		};
		9499D9552BF280A6007CC6CF /* Protocols */ = {
			isa = PBXGroup;
			children = (
				9499D9562BF280B8007CC6CF /* NetworkServiceable.swift */,
			);
			path = Protocols;
			sourceTree = "<group>";
		};
/* End PBXGroup section */

/* Begin PBXNativeTarget section */
		00CF357D2BC291FA00D9E332 /* Treehouse */ = {
			isa = PBXNativeTarget;
			buildConfigurationList = 00CF358C2BC291FC00D9E332 /* Build configuration list for PBXNativeTarget "Treehouse" */;
			buildPhases = (
				00CF357A2BC291FA00D9E332 /* Sources */,
				00CF357B2BC291FA00D9E332 /* Frameworks */,
				00CF357C2BC291FA00D9E332 /* Resources */,
			);
			buildRules = (
			);
			dependencies = (
			);
			name = Treehouse;
			packageProductDependencies = (
				00CF359F2BC2F42F00D9E332 /* CombineMoya */,
				00CF35A12BC2F42F00D9E332 /* Moya */,
				00CF35A32BC2F42F00D9E332 /* ReactiveMoya */,
				00CF35A52BC2F42F00D9E332 /* RxMoya */,
				00CF35A82BC2F48800D9E332 /* Lottie */,
				00CF35AB2BC2F4C900D9E332 /* Kingfisher */,
				00CF35B82BC306D500D9E332 /* SVGKit */,
				00CF35BA2BC306D500D9E332 /* SVGKitSwift */,
			);
			productName = Treehouse;
			productReference = 00CF357E2BC291FA00D9E332 /* Treehouse.app */;
			productType = "com.apple.product-type.application";
		};
/* End PBXNativeTarget section */

/* Begin PBXProject section */
		00CF35762BC291FA00D9E332 /* Project object */ = {
			isa = PBXProject;
			attributes = {
				BuildIndependentTargetsInParallel = 1;
				LastSwiftUpdateCheck = 1530;
				LastUpgradeCheck = 1530;
				TargetAttributes = {
					00CF357D2BC291FA00D9E332 = {
						CreatedOnToolsVersion = 15.3;
					};
				};
			};
			buildConfigurationList = 00CF35792BC291FA00D9E332 /* Build configuration list for PBXProject "Treehouse" */;
			compatibilityVersion = "Xcode 14.0";
			developmentRegion = en;
			hasScannedForEncodings = 0;
			knownRegions = (
				en,
				Base,
			);
			mainGroup = 00CF35752BC291FA00D9E332;
			packageReferences = (
				00CF359E2BC2F42F00D9E332 /* XCRemoteSwiftPackageReference "Moya" */,
				00CF35A72BC2F48800D9E332 /* XCRemoteSwiftPackageReference "lottie-ios" */,
				00CF35AA2BC2F4C900D9E332 /* XCRemoteSwiftPackageReference "Kingfisher" */,
				00CF35B72BC306D500D9E332 /* XCRemoteSwiftPackageReference "SVGKit" */,
			);
			productRefGroup = 00CF357F2BC291FA00D9E332 /* Products */;
			projectDirPath = "";
			projectRoot = "";
			targets = (
				00CF357D2BC291FA00D9E332 /* Treehouse */,
			);
		};
/* End PBXProject section */

/* Begin PBXResourcesBuildPhase section */
		00CF357C2BC291FA00D9E332 /* Resources */ = {
			isa = PBXResourcesBuildPhase;
			buildActionMask = 2147483647;
			files = (
				00CF35892BC291FC00D9E332 /* Preview Assets.xcassets in Resources */,
				944AA7142BC80E15008020C2 /* Pretendard-Medium.otf in Resources */,
				00CF35B02BC2F63E00D9E332 /* Pretendard-Regular.otf in Resources */,
				00CF35862BC291FC00D9E332 /* Assets.xcassets in Resources */,
				00CF35B12BC2F63E00D9E332 /* Pretendard-SemiBold.otf in Resources */,
			);
			runOnlyForDeploymentPostprocessing = 0;
		};
/* End PBXResourcesBuildPhase section */

/* Begin PBXSourcesBuildPhase section */
		00CF357A2BC291FA00D9E332 /* Sources */ = {
			isa = PBXSourcesBuildPhase;
			buildActionMask = 2147483647;
			files = (
				3F88357B2BC8E1010021C8AB /* ReceivedFirstInvitaionView.swift in Sources */,
				944AA7162BCBB145008020C2 /* ShowMemberProfileView.swift in Sources */,
				3FE944152BD63FF600C3A869 /* ReceivedInvitationViewModel.swift in Sources */,
				00CF35982BC2E22200D9E332 /* SizeLiterals.swift in Sources */,
				9412FF2F2BF6663A006A8A15 /* KeychainHelper.swift in Sources */,
				944AA7122BC6E400008020C2 /* SetPhoneNumberView.swift in Sources */,
				3FF1071B2BEA0A4600C52908 /* PostRegisterUserRequestDTO.swift in Sources */,
				3FC1FB2E2BD7739800AAE53F /* FeedContentViewModel.swift in Sources */,
				0012366D2BCED9BD00CEAC53 /* GreenLetterView.swift in Sources */,
				3F8835852BCC00D30021C8AB /* TextField+.swift in Sources */,
				3FC1FB2C2BD7738900AAE53F /* FeedContentView.swift in Sources */,
				3FF1070E2BEA097900C52908 /* NotificationAPI.swift in Sources */,
				3FC1FB362BD8C76200AAE53F /* CommentView.swift in Sources */,
				9412FF322BF670FD006A8A15 /* SetUserIdViewModel.swift in Sources */,
				3FE00F0E2BC6D35A00CC821E /* SetUserIdView.swift in Sources */,
				94561F6D2BD11C4800B005CE /* NotificationRow.swift in Sources */,
				3FF107212BEA0A8A00C52908 /* PostCheckUserNameResponseDTO.swift in Sources */,
				00CF35962BC2E21700D9E332 /* FontLiterals.swift in Sources */,
				0054D7362BDAD1630009B9CC /* CheckNameResponseEntity.swift in Sources */,
				9445620A2BD185A600078023 /* NotificationView.swift in Sources */,
				0087C29E2BE360A6004CED9C /* RegisterService.swift in Sources */,
				3F8835832BCBF97D0021C8AB /* SetMemberBioView.swift in Sources */,
				00CF35942BC2E20300D9E332 /* StringLiterals.swift in Sources */,
				9499D9542BF1CA2A007CC6CF /* NetworkError.swift in Sources */,
				3FE944122BD3ADFF00C3A869 /* ReceivedInvitationModel.swift in Sources */,
				3F2DB27D2BD0F35900DEFBA6 /* InvitationView.swift in Sources */,
				9499D9502BF1BD04007CC6CF /* NotificationService.swift in Sources */,
				3FF106FC2BEA078D00C52908 /* BaseResponse.swift in Sources */,
				3FF1071D2BEA0A5300C52908 /* PostReissueTokenRequestDTO.swift in Sources */,
				3F8835882BCC058A0021C8AB /* MaxLengthModifier.swift in Sources */,
				00CF35842BC291FA00D9E332 /* ContentView.swift in Sources */,
				3F2DB27B2BD0C83900DEFBA6 /* InvitationAlertView.swift in Sources */,
				3FF107192BEA0A3900C52908 /* PostRegisterTreeMemberRequestDTO.swift in Sources */,
				003E6EF62BD51D84001C7613 /* PhoneNumberStruct.swift in Sources */,
				0087C27B2BDD337D004CED9C /* CheckNameResponseDTO.swift in Sources */,
				3FF107152BEA0A1C00C52908 /* PostAcceptInvitationTreeMemberRequestDTO.swift in Sources */,
				3F88357F2BCBA5C10021C8AB /* SetMemeberProfileNameView.swift in Sources */,
				944562062BD1211000078023 /* NotificationType.swift in Sources */,
				0087C2972BE15E91004CED9C /* RegisterRepository.swift in Sources */,
				00CF35822BC291FA00D9E332 /* TreehouseApp.swift in Sources */,
				3FF107232BEA0AA700C52908 /* PostRegisterTreeMemberResponseDTO.swift in Sources */,
				3FC1FB342BD8922B00AAE53F /* CommentModel.swift in Sources */,
				3FC1FB302BD7749000AAE53F /* EmojiListView.swift in Sources */,
				3FE944172BD645C300C3A869 /* ReceivedInvitationRowView.swift in Sources */,
				3FF107172BEA0A2A00C52908 /* PostCheckUserNameRequestDTO.swift in Sources */,
				9499D9522BF1C5AD007CC6CF /* NetworkErrorCode.swift in Sources */,
				0087C29C2BE3609C004CED9C /* RegisterAPI.swift in Sources */,
				005296C42BD6AABF007D209A /* DarkGreenLetterView.swift in Sources */,
				9412FF372BFF2409006A8A15 /* TreeTabView.swift in Sources */,
				9449C6D22BDBA87400FC938B /* FeedView.swift in Sources */,
				001236732BD2748200CEAC53 /* PhoneNumberRow.swift in Sources */,
				00F8BB432BC932F000B23AE4 /* UnableRegisterView.swift in Sources */,
				3FF1070A2BEA08C600C52908 /* PostWhetherInvitationsResponseDTO.swift in Sources */,
				9499D9572BF280B8007CC6CF /* NetworkServiceable.swift in Sources */,
				3FF107042BEA082A00C52908 /* PostWhetherInvitationsRequestDTO.swift in Sources */,
				005296C22BD65CAB007D209A /* InvitationTooltip.swift in Sources */,
				3FE00F122BC8138300CC821E /* ShowUserProfileView.swift in Sources */,
				003E6EF42BD5105A001C7613 /* AvailableInvitationStruct.swift in Sources */,
				944D48912BF10B6700205B18 /* GetCheckNotificationsResponseDTO.swift in Sources */,
				3FF107272BEA0ACC00C52908 /* PostReissueTokenResponseDTO.swift in Sources */,
				3FF107252BEA0AB600C52908 /* PostRegisterUserResponseDTO.swift in Sources */,
				0087C29A2BE161C9004CED9C /* PostCheckNameUseCase.swift in Sources */,
				3FF107082BEA086900C52908 /* GetCheckInvitationsReponseDTO.swift in Sources */,
				0012366B2BCEBBAA00CEAC53 /* InviteBranchView.swift in Sources */,
				00CF35CB2BC3083100D9E332 /* String+.swift in Sources */,
				3FF1071F2BEA0A7D00C52908 /* PostAcceptInvitationTreeMemberResponseDTO.swift in Sources */,
				00F8BB452BC9A43000B23AE4 /* LoginView.swift in Sources */,
				3FF106FA2BEA077E00C52908 /* BaseRequest.swift in Sources */,
				008B67FE2BC57EEF001E3AB5 /* VerificationView.swift in Sources */,
				3FBFBA802BC3DA6C00B6A446 /* View+.swift in Sources */,
				944D48932BF10C6900205B18 /* NotificationModel.swift in Sources */,
				3FC1FB382BD9126400AAE53F /* FlowlayoutStack.swift in Sources */,
				3F88357D2BCA51BA0021C8AB /* DrawingView.swift in Sources */,
				3F8835812BCBC4A40021C8AB /* SetMemberProfileImage.swift in Sources */,
				3F2DB2792BCFF5FE00DEFBA6 /* ReceivedInvitationView.swift in Sources */,
				3FF106FE2BEA079500C52908 /* HttpMethod.swift in Sources */,
				3FF107022BEA07FB00C52908 /* InvitationAPI.swift in Sources */,
				3FF1072B2BEA0BE700C52908 /* Config.swift in Sources */,
				3FF107062BEA083D00C52908 /* GetCheckAvailableInvitationResponseDTO.swift in Sources */,
				0087C2872BDEC7B0004CED9C /* DefaultRegisterRepository.swift in Sources */,
				9412FF392BFF2466006A8A15 /* TabViewType.swift in Sources */,
				3FE00F102BC7E29700CC821E /* TextFieldStateType.swift in Sources */,
				944D48952BF10CA000205B18 /* SinglePostView.swift in Sources */,
				0012366F2BD1831300CEAC53 /* PhoneNumberSearchBar.swift in Sources */,
			);
			runOnlyForDeploymentPostprocessing = 0;
		};
/* End PBXSourcesBuildPhase section */

/* Begin XCBuildConfiguration section */
		00CF358A2BC291FC00D9E332 /* Debug */ = {
			isa = XCBuildConfiguration;
			baseConfigurationReference = 944D488B2BF108D600205B18 /* Config.xcconfig */;
			buildSettings = {
				ALWAYS_SEARCH_USER_PATHS = NO;
				ASSETCATALOG_COMPILER_GENERATE_SWIFT_ASSET_SYMBOL_EXTENSIONS = YES;
				CLANG_ANALYZER_NONNULL = YES;
				CLANG_ANALYZER_NUMBER_OBJECT_CONVERSION = YES_AGGRESSIVE;
				CLANG_CXX_LANGUAGE_STANDARD = "gnu++20";
				CLANG_ENABLE_MODULES = YES;
				CLANG_ENABLE_OBJC_ARC = YES;
				CLANG_ENABLE_OBJC_WEAK = YES;
				CLANG_WARN_BLOCK_CAPTURE_AUTORELEASING = YES;
				CLANG_WARN_BOOL_CONVERSION = YES;
				CLANG_WARN_COMMA = YES;
				CLANG_WARN_CONSTANT_CONVERSION = YES;
				CLANG_WARN_DEPRECATED_OBJC_IMPLEMENTATIONS = YES;
				CLANG_WARN_DIRECT_OBJC_ISA_USAGE = YES_ERROR;
				CLANG_WARN_DOCUMENTATION_COMMENTS = YES;
				CLANG_WARN_EMPTY_BODY = YES;
				CLANG_WARN_ENUM_CONVERSION = YES;
				CLANG_WARN_INFINITE_RECURSION = YES;
				CLANG_WARN_INT_CONVERSION = YES;
				CLANG_WARN_NON_LITERAL_NULL_CONVERSION = YES;
				CLANG_WARN_OBJC_IMPLICIT_RETAIN_SELF = YES;
				CLANG_WARN_OBJC_LITERAL_CONVERSION = YES;
				CLANG_WARN_OBJC_ROOT_CLASS = YES_ERROR;
				CLANG_WARN_QUOTED_INCLUDE_IN_FRAMEWORK_HEADER = YES;
				CLANG_WARN_RANGE_LOOP_ANALYSIS = YES;
				CLANG_WARN_STRICT_PROTOTYPES = YES;
				CLANG_WARN_SUSPICIOUS_MOVE = YES;
				CLANG_WARN_UNGUARDED_AVAILABILITY = YES_AGGRESSIVE;
				CLANG_WARN_UNREACHABLE_CODE = YES;
				CLANG_WARN__DUPLICATE_METHOD_MATCH = YES;
				COPY_PHASE_STRIP = NO;
				DEBUG_INFORMATION_FORMAT = dwarf;
				ENABLE_STRICT_OBJC_MSGSEND = YES;
				ENABLE_TESTABILITY = YES;
				ENABLE_USER_SCRIPT_SANDBOXING = YES;
				GCC_C_LANGUAGE_STANDARD = gnu17;
				GCC_DYNAMIC_NO_PIC = NO;
				GCC_NO_COMMON_BLOCKS = YES;
				GCC_OPTIMIZATION_LEVEL = 0;
				GCC_PREPROCESSOR_DEFINITIONS = (
					"DEBUG=1",
					"$(inherited)",
				);
				GCC_WARN_64_TO_32_BIT_CONVERSION = YES;
				GCC_WARN_ABOUT_RETURN_TYPE = YES_ERROR;
				GCC_WARN_UNDECLARED_SELECTOR = YES;
				GCC_WARN_UNINITIALIZED_AUTOS = YES_AGGRESSIVE;
				GCC_WARN_UNUSED_FUNCTION = YES;
				GCC_WARN_UNUSED_VARIABLE = YES;
				IPHONEOS_DEPLOYMENT_TARGET = 17.4;
				LOCALIZATION_PREFERS_STRING_CATALOGS = YES;
				MTL_ENABLE_DEBUG_INFO = INCLUDE_SOURCE;
				MTL_FAST_MATH = YES;
				ONLY_ACTIVE_ARCH = YES;
				SDKROOT = iphoneos;
				SWIFT_ACTIVE_COMPILATION_CONDITIONS = "DEBUG $(inherited)";
				SWIFT_OPTIMIZATION_LEVEL = "-Onone";
			};
			name = Debug;
		};
		00CF358B2BC291FC00D9E332 /* Release */ = {
			isa = XCBuildConfiguration;
			baseConfigurationReference = 944D488B2BF108D600205B18 /* Config.xcconfig */;
			buildSettings = {
				ALWAYS_SEARCH_USER_PATHS = NO;
				ASSETCATALOG_COMPILER_GENERATE_SWIFT_ASSET_SYMBOL_EXTENSIONS = YES;
				CLANG_ANALYZER_NONNULL = YES;
				CLANG_ANALYZER_NUMBER_OBJECT_CONVERSION = YES_AGGRESSIVE;
				CLANG_CXX_LANGUAGE_STANDARD = "gnu++20";
				CLANG_ENABLE_MODULES = YES;
				CLANG_ENABLE_OBJC_ARC = YES;
				CLANG_ENABLE_OBJC_WEAK = YES;
				CLANG_WARN_BLOCK_CAPTURE_AUTORELEASING = YES;
				CLANG_WARN_BOOL_CONVERSION = YES;
				CLANG_WARN_COMMA = YES;
				CLANG_WARN_CONSTANT_CONVERSION = YES;
				CLANG_WARN_DEPRECATED_OBJC_IMPLEMENTATIONS = YES;
				CLANG_WARN_DIRECT_OBJC_ISA_USAGE = YES_ERROR;
				CLANG_WARN_DOCUMENTATION_COMMENTS = YES;
				CLANG_WARN_EMPTY_BODY = YES;
				CLANG_WARN_ENUM_CONVERSION = YES;
				CLANG_WARN_INFINITE_RECURSION = YES;
				CLANG_WARN_INT_CONVERSION = YES;
				CLANG_WARN_NON_LITERAL_NULL_CONVERSION = YES;
				CLANG_WARN_OBJC_IMPLICIT_RETAIN_SELF = YES;
				CLANG_WARN_OBJC_LITERAL_CONVERSION = YES;
				CLANG_WARN_OBJC_ROOT_CLASS = YES_ERROR;
				CLANG_WARN_QUOTED_INCLUDE_IN_FRAMEWORK_HEADER = YES;
				CLANG_WARN_RANGE_LOOP_ANALYSIS = YES;
				CLANG_WARN_STRICT_PROTOTYPES = YES;
				CLANG_WARN_SUSPICIOUS_MOVE = YES;
				CLANG_WARN_UNGUARDED_AVAILABILITY = YES_AGGRESSIVE;
				CLANG_WARN_UNREACHABLE_CODE = YES;
				CLANG_WARN__DUPLICATE_METHOD_MATCH = YES;
				COPY_PHASE_STRIP = NO;
				DEBUG_INFORMATION_FORMAT = "dwarf-with-dsym";
				ENABLE_NS_ASSERTIONS = NO;
				ENABLE_STRICT_OBJC_MSGSEND = YES;
				ENABLE_USER_SCRIPT_SANDBOXING = YES;
				GCC_C_LANGUAGE_STANDARD = gnu17;
				GCC_NO_COMMON_BLOCKS = YES;
				GCC_WARN_64_TO_32_BIT_CONVERSION = YES;
				GCC_WARN_ABOUT_RETURN_TYPE = YES_ERROR;
				GCC_WARN_UNDECLARED_SELECTOR = YES;
				GCC_WARN_UNINITIALIZED_AUTOS = YES_AGGRESSIVE;
				GCC_WARN_UNUSED_FUNCTION = YES;
				GCC_WARN_UNUSED_VARIABLE = YES;
				IPHONEOS_DEPLOYMENT_TARGET = 17.4;
				LOCALIZATION_PREFERS_STRING_CATALOGS = YES;
				MTL_ENABLE_DEBUG_INFO = NO;
				MTL_FAST_MATH = YES;
				SDKROOT = iphoneos;
				SWIFT_COMPILATION_MODE = wholemodule;
				VALIDATE_PRODUCT = YES;
			};
			name = Release;
		};
		00CF358D2BC291FC00D9E332 /* Debug */ = {
			isa = XCBuildConfiguration;
			baseConfigurationReference = 944D488B2BF108D600205B18 /* Config.xcconfig */;
			buildSettings = {
				ASSETCATALOG_COMPILER_APPICON_NAME = AppIcon;
				ASSETCATALOG_COMPILER_GLOBAL_ACCENT_COLOR_NAME = AccentColor;
				CODE_SIGN_STYLE = Automatic;
				CURRENT_PROJECT_VERSION = 1;
				DEVELOPMENT_ASSET_PATHS = "\"Treehouse/Preview Content\"";
				DEVELOPMENT_TEAM = 32XV7C2B2M;
				ENABLE_PREVIEWS = YES;
				GENERATE_INFOPLIST_FILE = YES;
				INFOPLIST_FILE = Treehouse/Info.plist;
				INFOPLIST_KEY_UIApplicationSceneManifest_Generation = YES;
				INFOPLIST_KEY_UIApplicationSupportsIndirectInputEvents = YES;
				INFOPLIST_KEY_UILaunchScreen_Generation = YES;
				INFOPLIST_KEY_UISupportedInterfaceOrientations_iPad = "UIInterfaceOrientationPortrait UIInterfaceOrientationPortraitUpsideDown UIInterfaceOrientationLandscapeLeft UIInterfaceOrientationLandscapeRight";
				INFOPLIST_KEY_UISupportedInterfaceOrientations_iPhone = "UIInterfaceOrientationPortrait UIInterfaceOrientationLandscapeLeft UIInterfaceOrientationLandscapeRight";
				IPHONEOS_DEPLOYMENT_TARGET = 17.4;
				LD_RUNPATH_SEARCH_PATHS = (
					"$(inherited)",
					"@executable_path/Frameworks",
				);
				MARKETING_VERSION = 1.0;
				PRODUCT_BUNDLE_IDENTIFIER = com.TeamShaka.Treehouse;
				PRODUCT_NAME = "$(TARGET_NAME)";
				SWIFT_EMIT_LOC_STRINGS = YES;
				SWIFT_VERSION = 5.0;
				TARGETED_DEVICE_FAMILY = "1,2";
			};
			name = Debug;
		};
		00CF358E2BC291FC00D9E332 /* Release */ = {
			isa = XCBuildConfiguration;
			baseConfigurationReference = 944D488B2BF108D600205B18 /* Config.xcconfig */;
			buildSettings = {
				ASSETCATALOG_COMPILER_APPICON_NAME = AppIcon;
				ASSETCATALOG_COMPILER_GLOBAL_ACCENT_COLOR_NAME = AccentColor;
				CODE_SIGN_STYLE = Automatic;
				CURRENT_PROJECT_VERSION = 1;
				DEVELOPMENT_ASSET_PATHS = "\"Treehouse/Preview Content\"";
				DEVELOPMENT_TEAM = 32XV7C2B2M;
				ENABLE_PREVIEWS = YES;
				GENERATE_INFOPLIST_FILE = YES;
				INFOPLIST_FILE = Treehouse/Info.plist;
				INFOPLIST_KEY_UIApplicationSceneManifest_Generation = YES;
				INFOPLIST_KEY_UIApplicationSupportsIndirectInputEvents = YES;
				INFOPLIST_KEY_UILaunchScreen_Generation = YES;
				INFOPLIST_KEY_UISupportedInterfaceOrientations_iPad = "UIInterfaceOrientationPortrait UIInterfaceOrientationPortraitUpsideDown UIInterfaceOrientationLandscapeLeft UIInterfaceOrientationLandscapeRight";
				INFOPLIST_KEY_UISupportedInterfaceOrientations_iPhone = "UIInterfaceOrientationPortrait UIInterfaceOrientationLandscapeLeft UIInterfaceOrientationLandscapeRight";
				IPHONEOS_DEPLOYMENT_TARGET = 17.4;
				LD_RUNPATH_SEARCH_PATHS = (
					"$(inherited)",
					"@executable_path/Frameworks",
				);
				MARKETING_VERSION = 1.0;
				PRODUCT_BUNDLE_IDENTIFIER = com.TeamShaka.Treehouse;
				PRODUCT_NAME = "$(TARGET_NAME)";
				SWIFT_EMIT_LOC_STRINGS = YES;
				SWIFT_VERSION = 5.0;
				TARGETED_DEVICE_FAMILY = "1,2";
			};
			name = Release;
		};
/* End XCBuildConfiguration section */

/* Begin XCConfigurationList section */
		00CF35792BC291FA00D9E332 /* Build configuration list for PBXProject "Treehouse" */ = {
			isa = XCConfigurationList;
			buildConfigurations = (
				00CF358A2BC291FC00D9E332 /* Debug */,
				00CF358B2BC291FC00D9E332 /* Release */,
			);
			defaultConfigurationIsVisible = 0;
			defaultConfigurationName = Release;
		};
		00CF358C2BC291FC00D9E332 /* Build configuration list for PBXNativeTarget "Treehouse" */ = {
			isa = XCConfigurationList;
			buildConfigurations = (
				00CF358D2BC291FC00D9E332 /* Debug */,
				00CF358E2BC291FC00D9E332 /* Release */,
			);
			defaultConfigurationIsVisible = 0;
			defaultConfigurationName = Release;
		};
/* End XCConfigurationList section */

/* Begin XCRemoteSwiftPackageReference section */
		00CF359E2BC2F42F00D9E332 /* XCRemoteSwiftPackageReference "Moya" */ = {
			isa = XCRemoteSwiftPackageReference;
			repositoryURL = "https://github.com/Moya/Moya.git";
			requirement = {
				kind = upToNextMajorVersion;
				minimumVersion = 15.0.3;
			};
		};
		00CF35A72BC2F48800D9E332 /* XCRemoteSwiftPackageReference "lottie-ios" */ = {
			isa = XCRemoteSwiftPackageReference;
			repositoryURL = "https://github.com/airbnb/lottie-ios.git";
			requirement = {
				kind = upToNextMajorVersion;
				minimumVersion = 4.4.2;
			};
		};
		00CF35AA2BC2F4C900D9E332 /* XCRemoteSwiftPackageReference "Kingfisher" */ = {
			isa = XCRemoteSwiftPackageReference;
			repositoryURL = "https://github.com/onevcat/Kingfisher.git";
			requirement = {
				kind = upToNextMajorVersion;
				minimumVersion = 7.11.0;
			};
		};
		00CF35B72BC306D500D9E332 /* XCRemoteSwiftPackageReference "SVGKit" */ = {
			isa = XCRemoteSwiftPackageReference;
			repositoryURL = "https://github.com/SVGKit/SVGKit.git";
			requirement = {
				kind = upToNextMajorVersion;
				minimumVersion = 3.0.0;
			};
		};
/* End XCRemoteSwiftPackageReference section */

/* Begin XCSwiftPackageProductDependency section */
		00CF359F2BC2F42F00D9E332 /* CombineMoya */ = {
			isa = XCSwiftPackageProductDependency;
			package = 00CF359E2BC2F42F00D9E332 /* XCRemoteSwiftPackageReference "Moya" */;
			productName = CombineMoya;
		};
		00CF35A12BC2F42F00D9E332 /* Moya */ = {
			isa = XCSwiftPackageProductDependency;
			package = 00CF359E2BC2F42F00D9E332 /* XCRemoteSwiftPackageReference "Moya" */;
			productName = Moya;
		};
		00CF35A32BC2F42F00D9E332 /* ReactiveMoya */ = {
			isa = XCSwiftPackageProductDependency;
			package = 00CF359E2BC2F42F00D9E332 /* XCRemoteSwiftPackageReference "Moya" */;
			productName = ReactiveMoya;
		};
		00CF35A52BC2F42F00D9E332 /* RxMoya */ = {
			isa = XCSwiftPackageProductDependency;
			package = 00CF359E2BC2F42F00D9E332 /* XCRemoteSwiftPackageReference "Moya" */;
			productName = RxMoya;
		};
		00CF35A82BC2F48800D9E332 /* Lottie */ = {
			isa = XCSwiftPackageProductDependency;
			package = 00CF35A72BC2F48800D9E332 /* XCRemoteSwiftPackageReference "lottie-ios" */;
			productName = Lottie;
		};
		00CF35AB2BC2F4C900D9E332 /* Kingfisher */ = {
			isa = XCSwiftPackageProductDependency;
			package = 00CF35AA2BC2F4C900D9E332 /* XCRemoteSwiftPackageReference "Kingfisher" */;
			productName = Kingfisher;
		};
		00CF35B82BC306D500D9E332 /* SVGKit */ = {
			isa = XCSwiftPackageProductDependency;
			package = 00CF35B72BC306D500D9E332 /* XCRemoteSwiftPackageReference "SVGKit" */;
			productName = SVGKit;
		};
		00CF35BA2BC306D500D9E332 /* SVGKitSwift */ = {
			isa = XCSwiftPackageProductDependency;
			package = 00CF35B72BC306D500D9E332 /* XCRemoteSwiftPackageReference "SVGKit" */;
			productName = SVGKitSwift;
		};
/* End XCSwiftPackageProductDependency section */
	};
	rootObject = 00CF35762BC291FA00D9E332 /* Project object */;
}
